
Microsoft Visual Studio Solution File, Format Version 12.00
# Visual Studio 15
VisualStudioVersion = 15.0.27004.2009
MinimumVisualStudioVersion = 10.0.40219.1
Project("{9A19103F-16F7-4668-BE54-9A1E7A4F7556}") = "Middleware", "Middleware\Middleware.csproj", "{97737693-4920-4C4A-B511-71AD0975BB0D}"
EndProject
Project("{FAE04EC0-301F-11D3-BF4B-00C04F79EFBC}") = "HttpOldWay", "HttpOldWay\HttpOldWay.csproj", "{34DE94D1-1605-4226-8BA5-5787BAC3D612}"
EndProject
Global
	GlobalSection(SolutionConfigurationPlatforms) = preSolution
		Debug|Any CPU = Debug|Any CPU
		Release|Any CPU = Release|Any CPU
	EndGlobalSection
	GlobalSection(ProjectConfigurationPlatforms) = postSolution
		{97737693-4920-4C4A-B511-71AD0975BB0D}.Debug|Any CPU.ActiveCfg = Debug|Any CPU
		{97737693-4920-4C4A-B511-71AD0975BB0D}.Debug|Any CPU.Build.0 = Debug|Any CPU
		{97737693-4920-4C4A-B511-71AD0975BB0D}.Release|Any CPU.ActiveCfg = Release|Any CPU
		{97737693-4920-4C4A-B511-71AD0975BB0D}.Release|Any CPU.Build.0 = Release|Any CPU
		{34DE94D1-1605-4226-8BA5-5787BAC3D612}.Debug|Any CPU.ActiveCfg = Debug|Any CPU
		{34DE94D1-1605-4226-8BA5-5787BAC3D612}.Debug|Any CPU.Build.0 = Debug|Any CPU
		{34DE94D1-1605-4226-8BA5-5787BAC3D612}.Release|Any CPU.ActiveCfg = Release|Any CPU
		{34DE94D1-1605-4226-8BA5-5787BAC3D612}.Release|Any CPU.Build.0 = Release|Any CPU
	EndGlobalSection
	GlobalSection(SolutionProperties) = preSolution
		HideSolutionNode = FALSE
	EndGlobalSection
	GlobalSection(ExtensibilityGlobals) = postSolution
		SolutionGuid = {4F9AD831-F5AC-4FEA-B9C2-58C7A90DA320}
	EndGlobalSection
EndGlobal
